
Microsoft Visual Studio Solution File, Format Version 12.00
# Visual Studio Version 16
VisualStudioVersion = 16.0.31205.134
MinimumVisualStudioVersion = 10.0.40219.1
Project("{9A19103F-16F7-4668-BE54-9A1E7A4F7556}") = "MedicineRepresentativeSchedule", "MedicineRepresentativeSchedule\MedicineRepresentativeSchedule.csproj", "{559F42B3-D807-4A83-86D3-66BB125BB96B}"
EndProject
Project("{FAE04EC0-301F-11D3-BF4B-00C04F79EFBC}") = "Tests", "Tests\Tests.csproj", "{10749456-2513-4D17-967A-CD49B57CA612}"
EndProject
Global
	GlobalSection(SolutionConfigurationPlatforms) = preSolution
		Debug|Any CPU = Debug|Any CPU
		Release|Any CPU = Release|Any CPU
	EndGlobalSection
	GlobalSection(ProjectConfigurationPlatforms) = postSolution
		{559F42B3-D807-4A83-86D3-66BB125BB96B}.Debug|Any CPU.ActiveCfg = Debug|Any CPU
		{559F42B3-D807-4A83-86D3-66BB125BB96B}.Debug|Any CPU.Build.0 = Debug|Any CPU
		{559F42B3-D807-4A83-86D3-66BB125BB96B}.Release|Any CPU.ActiveCfg = Release|Any CPU
		{559F42B3-D807-4A83-86D3-66BB125BB96B}.Release|Any CPU.Build.0 = Release|Any CPU
		{10749456-2513-4D17-967A-CD49B57CA612}.Debug|Any CPU.ActiveCfg = Debug|Any CPU
		{10749456-2513-4D17-967A-CD49B57CA612}.Debug|Any CPU.Build.0 = Debug|Any CPU
		{10749456-2513-4D17-967A-CD49B57CA612}.Release|Any CPU.ActiveCfg = Release|Any CPU
		{10749456-2513-4D17-967A-CD49B57CA612}.Release|Any CPU.Build.0 = Release|Any CPU
	EndGlobalSection
	GlobalSection(SolutionProperties) = preSolution
		HideSolutionNode = FALSE
	EndGlobalSection
	GlobalSection(ExtensibilityGlobals) = postSolution
		SolutionGuid = {EA4C0F51-44C3-4CF4-BD3C-31E2CE95F326}
	EndGlobalSection
EndGlobal
